
Microsoft Visual Studio Solution File, Format Version 12.00
# Visual Studio Version 17
VisualStudioVersion = 17.5.33502.453
MinimumVisualStudioVersion = 10.0.40219.1
Project("{9A19103F-16F7-4668-BE54-9A1E7A4F7556}") = "ApiGateway", "ApiGateway\ApiGateway.csproj", "{A32DABCB-06E0-4EFA-8F05-856537EEB83C}"
EndProject
Project("{9A19103F-16F7-4668-BE54-9A1E7A4F7556}") = "Producst.Api", "Producst.Api\Producst.Api.csproj", "{4279FE3C-B38C-444D-AFE8-319AFB230916}"
EndProject
Project("{9A19103F-16F7-4668-BE54-9A1E7A4F7556}") = "ResponceModel", "ResponceModel\ResponceModel.csproj", "{0417F0CA-7611-4537-A476-D3803AB4DDDC}"
EndProject
Project("{2150E333-8FDC-42A3-9474-1A3956D46DE8}") = "Solution Items", "Solution Items", "{85C375D1-BCC3-4775-AA18-C277585A2116}"
	ProjectSection(SolutionItems) = preProject
		.editorconfig = .editorconfig
	EndProjectSection
EndProject
Project("{9A19103F-16F7-4668-BE54-9A1E7A4F7556}") = "Authentication.Api", "Authentication.Api\Authentication.Api.csproj", "{86E14E69-EBDE-413C-AE37-A49272859D6B}"
EndProject
Project("{9A19103F-16F7-4668-BE54-9A1E7A4F7556}") = "IdentityService", "IdentityService\IdentityService.csproj", "{5265A104-35DF-4961-94D7-ADBC13D57C1B}"
EndProject
Project("{9A19103F-16F7-4668-BE54-9A1E7A4F7556}") = "Market.Api", "Market.Api\Market.Api.csproj", "{A1228FF3-109C-4CAD-94A5-1FBE21C64481}"
EndProject
Project("{9A19103F-16F7-4668-BE54-9A1E7A4F7556}") = "DatabaseModelsBase", "DatabaseModelsBase\DatabaseModelsBase.csproj", "{2A2471B1-19CD-402C-9AA5-EB57C9800A07}"
EndProject
Project("{2150E333-8FDC-42A3-9474-1A3956D46DE8}") = "Api", "Api", "{CFAD0ADA-1E0A-4476-8CC0-B114C03F01A6}"
EndProject
Project("{2150E333-8FDC-42A3-9474-1A3956D46DE8}") = "Tools", "Tools", "{CAC4D8E5-BD6A-4ADD-85E7-A184512A449C}"
EndProject
Project("{2150E333-8FDC-42A3-9474-1A3956D46DE8}") = "Services", "Services", "{A303935A-5E5C-447B-AD41-E0848D4475F6}"
EndProject
Project("{FAE04EC0-301F-11D3-BF4B-00C04F79EFBC}") = "TimeServices", "TimeServices\TimeServices.csproj", "{C655FD59-D5FF-4DF2-86DF-7114991F5A07}"
EndProject
Project("{FAE04EC0-301F-11D3-BF4B-00C04F79EFBC}") = "Authentication.Services", "Authentication.Services\Authentication.Services.csproj", "{032C87DE-289B-41AE-B0C4-77BCD69F3440}"
EndProject
Global
	GlobalSection(SolutionConfigurationPlatforms) = preSolution
		Debug|Any CPU = Debug|Any CPU
		Release|Any CPU = Release|Any CPU
	EndGlobalSection
	GlobalSection(ProjectConfigurationPlatforms) = postSolution
		{A32DABCB-06E0-4EFA-8F05-856537EEB83C}.Debug|Any CPU.ActiveCfg = Debug|Any CPU
		{A32DABCB-06E0-4EFA-8F05-856537EEB83C}.Debug|Any CPU.Build.0 = Debug|Any CPU
		{A32DABCB-06E0-4EFA-8F05-856537EEB83C}.Release|Any CPU.ActiveCfg = Release|Any CPU
		{A32DABCB-06E0-4EFA-8F05-856537EEB83C}.Release|Any CPU.Build.0 = Release|Any CPU
		{4279FE3C-B38C-444D-AFE8-319AFB230916}.Debug|Any CPU.ActiveCfg = Debug|Any CPU
		{4279FE3C-B38C-444D-AFE8-319AFB230916}.Debug|Any CPU.Build.0 = Debug|Any CPU
		{4279FE3C-B38C-444D-AFE8-319AFB230916}.Release|Any CPU.ActiveCfg = Release|Any CPU
		{4279FE3C-B38C-444D-AFE8-319AFB230916}.Release|Any CPU.Build.0 = Release|Any CPU
		{0417F0CA-7611-4537-A476-D3803AB4DDDC}.Debug|Any CPU.ActiveCfg = Debug|Any CPU
		{0417F0CA-7611-4537-A476-D3803AB4DDDC}.Debug|Any CPU.Build.0 = Debug|Any CPU
		{0417F0CA-7611-4537-A476-D3803AB4DDDC}.Release|Any CPU.ActiveCfg = Release|Any CPU
		{0417F0CA-7611-4537-A476-D3803AB4DDDC}.Release|Any CPU.Build.0 = Release|Any CPU
		{86E14E69-EBDE-413C-AE37-A49272859D6B}.Debug|Any CPU.ActiveCfg = Debug|Any CPU
		{86E14E69-EBDE-413C-AE37-A49272859D6B}.Debug|Any CPU.Build.0 = Debug|Any CPU
		{86E14E69-EBDE-413C-AE37-A49272859D6B}.Release|Any CPU.ActiveCfg = Release|Any CPU
		{86E14E69-EBDE-413C-AE37-A49272859D6B}.Release|Any CPU.Build.0 = Release|Any CPU
		{5265A104-35DF-4961-94D7-ADBC13D57C1B}.Debug|Any CPU.ActiveCfg = Debug|Any CPU
		{5265A104-35DF-4961-94D7-ADBC13D57C1B}.Debug|Any CPU.Build.0 = Debug|Any CPU
		{5265A104-35DF-4961-94D7-ADBC13D57C1B}.Release|Any CPU.ActiveCfg = Release|Any CPU
		{5265A104-35DF-4961-94D7-ADBC13D57C1B}.Release|Any CPU.Build.0 = Release|Any CPU
		{A1228FF3-109C-4CAD-94A5-1FBE21C64481}.Debug|Any CPU.ActiveCfg = Debug|Any CPU
		{A1228FF3-109C-4CAD-94A5-1FBE21C64481}.Debug|Any CPU.Build.0 = Debug|Any CPU
		{A1228FF3-109C-4CAD-94A5-1FBE21C64481}.Release|Any CPU.ActiveCfg = Release|Any CPU
		{A1228FF3-109C-4CAD-94A5-1FBE21C64481}.Release|Any CPU.Build.0 = Release|Any CPU
		{2A2471B1-19CD-402C-9AA5-EB57C9800A07}.Debug|Any CPU.ActiveCfg = Debug|Any CPU
		{2A2471B1-19CD-402C-9AA5-EB57C9800A07}.Debug|Any CPU.Build.0 = Debug|Any CPU
		{2A2471B1-19CD-402C-9AA5-EB57C9800A07}.Release|Any CPU.ActiveCfg = Release|Any CPU
		{2A2471B1-19CD-402C-9AA5-EB57C9800A07}.Release|Any CPU.Build.0 = Release|Any CPU
		{C655FD59-D5FF-4DF2-86DF-7114991F5A07}.Debug|Any CPU.ActiveCfg = Debug|Any CPU
		{C655FD59-D5FF-4DF2-86DF-7114991F5A07}.Debug|Any CPU.Build.0 = Debug|Any CPU
		{C655FD59-D5FF-4DF2-86DF-7114991F5A07}.Release|Any CPU.ActiveCfg = Release|Any CPU
		{C655FD59-D5FF-4DF2-86DF-7114991F5A07}.Release|Any CPU.Build.0 = Release|Any CPU
		{032C87DE-289B-41AE-B0C4-77BCD69F3440}.Debug|Any CPU.ActiveCfg = Debug|Any CPU
		{032C87DE-289B-41AE-B0C4-77BCD69F3440}.Debug|Any CPU.Build.0 = Debug|Any CPU
		{032C87DE-289B-41AE-B0C4-77BCD69F3440}.Release|Any CPU.ActiveCfg = Release|Any CPU
		{032C87DE-289B-41AE-B0C4-77BCD69F3440}.Release|Any CPU.Build.0 = Release|Any CPU
	EndGlobalSection
	GlobalSection(SolutionProperties) = preSolution
		HideSolutionNode = FALSE
	EndGlobalSection
	GlobalSection(NestedProjects) = preSolution
		{A32DABCB-06E0-4EFA-8F05-856537EEB83C} = {CFAD0ADA-1E0A-4476-8CC0-B114C03F01A6}
		{4279FE3C-B38C-444D-AFE8-319AFB230916} = {CFAD0ADA-1E0A-4476-8CC0-B114C03F01A6}
		{0417F0CA-7611-4537-A476-D3803AB4DDDC} = {CAC4D8E5-BD6A-4ADD-85E7-A184512A449C}
		{86E14E69-EBDE-413C-AE37-A49272859D6B} = {CFAD0ADA-1E0A-4476-8CC0-B114C03F01A6}
		{5265A104-35DF-4961-94D7-ADBC13D57C1B} = {CAC4D8E5-BD6A-4ADD-85E7-A184512A449C}
		{A1228FF3-109C-4CAD-94A5-1FBE21C64481} = {CFAD0ADA-1E0A-4476-8CC0-B114C03F01A6}
		{2A2471B1-19CD-402C-9AA5-EB57C9800A07} = {CAC4D8E5-BD6A-4ADD-85E7-A184512A449C}
		{C655FD59-D5FF-4DF2-86DF-7114991F5A07} = {CAC4D8E5-BD6A-4ADD-85E7-A184512A449C}
		{032C87DE-289B-41AE-B0C4-77BCD69F3440} = {A303935A-5E5C-447B-AD41-E0848D4475F6}
	EndGlobalSection
	GlobalSection(ExtensibilityGlobals) = postSolution
		SolutionGuid = {2311AE05-EBFD-4E30-A7BD-839D817F8D0A}
	EndGlobalSection
EndGlobal
